
Microsoft Visual Studio Solution File, Format Version 12.00
# Visual Studio Version 16
VisualStudioVersion = 16.0.29215.179
MinimumVisualStudioVersion = 10.0.40219.1
Project("{9A19103F-16F7-4668-BE54-9A1E7A4F7556}") = "VRS_Base", "VRS_Base\VRS_Base.csproj", "{B354B45F-5E4A-47DB-B7F0-F29DB8D9B689}"
EndProject
Project("{9A19103F-16F7-4668-BE54-9A1E7A4F7556}") = "BaseUnitTests", "BaseUnitTests\BaseUnitTests.csproj", "{53DDB375-3E6B-41B7-BCFF-CDD0D46AC4C4}"
EndProject
Global
	GlobalSection(SolutionConfigurationPlatforms) = preSolution
		Debug|Any CPU = Debug|Any CPU
		Release|Any CPU = Release|Any CPU
	EndGlobalSection
	GlobalSection(ProjectConfigurationPlatforms) = postSolution
		{B354B45F-5E4A-47DB-B7F0-F29DB8D9B689}.Debug|Any CPU.ActiveCfg = Debug|Any CPU
		{B354B45F-5E4A-47DB-B7F0-F29DB8D9B689}.Debug|Any CPU.Build.0 = Debug|Any CPU
		{B354B45F-5E4A-47DB-B7F0-F29DB8D9B689}.Release|Any CPU.ActiveCfg = Release|Any CPU
		{B354B45F-5E4A-47DB-B7F0-F29DB8D9B689}.Release|Any CPU.Build.0 = Release|Any CPU
		{53DDB375-3E6B-41B7-BCFF-CDD0D46AC4C4}.Debug|Any CPU.ActiveCfg = Debug|Any CPU
		{53DDB375-3E6B-41B7-BCFF-CDD0D46AC4C4}.Debug|Any CPU.Build.0 = Debug|Any CPU
		{53DDB375-3E6B-41B7-BCFF-CDD0D46AC4C4}.Release|Any CPU.ActiveCfg = Release|Any CPU
		{53DDB375-3E6B-41B7-BCFF-CDD0D46AC4C4}.Release|Any CPU.Build.0 = Release|Any CPU
	EndGlobalSection
	GlobalSection(SolutionProperties) = preSolution
		HideSolutionNode = FALSE
	EndGlobalSection
	GlobalSection(ExtensibilityGlobals) = postSolution
		SolutionGuid = {8ABC6359-0E7C-4628-97A0-92110007064B}
	EndGlobalSection
EndGlobal
